// !$*UTF8*$!
{
	archiveVersion = 1;
	classes = {
	};
	objectVersion = 56;
	objects = {

/* Begin PBXBuildFile section */
		C30298AE295057DC0095428E /* SodiamCounterApp.swift in Sources */ = {isa = PBXBuildFile; fileRef = C30298AD295057DC0095428E /* SodiamCounterApp.swift */; };
		C30298B0295057DC0095428E /* ContentView.swift in Sources */ = {isa = PBXBuildFile; fileRef = C30298AF295057DC0095428E /* ContentView.swift */; };
		C30298B2295057DE0095428E /* Assets.xcassets in Resources */ = {isa = PBXBuildFile; fileRef = C30298B1295057DE0095428E /* Assets.xcassets */; };
		C30298B5295057DE0095428E /* Preview Assets.xcassets in Resources */ = {isa = PBXBuildFile; fileRef = C30298B4295057DE0095428E /* Preview Assets.xcassets */; };
		C30298BF295057DF0095428E /* SodiamCounterTests.swift in Sources */ = {isa = PBXBuildFile; fileRef = C30298BE295057DF0095428E /* SodiamCounterTests.swift */; };
		C30298C9295057DF0095428E /* SodiamCounterUITests.swift in Sources */ = {isa = PBXBuildFile; fileRef = C30298C8295057DF0095428E /* SodiamCounterUITests.swift */; };
		C30298CB295057DF0095428E /* SodiamCounterUITestsLaunchTests.swift in Sources */ = {isa = PBXBuildFile; fileRef = C30298CA295057DF0095428E /* SodiamCounterUITestsLaunchTests.swift */; };
		C30298D8295063420095428E /* ElapsedTimeFormatter.swift in Sources */ = {isa = PBXBuildFile; fileRef = C30298D7295063420095428E /* ElapsedTimeFormatter.swift */; };
/* End PBXBuildFile section */

/* Begin PBXContainerItemProxy section */
		C30298BB295057DF0095428E /* PBXContainerItemProxy */ = {
			isa = PBXContainerItemProxy;
			containerPortal = C30298A2295057DC0095428E /* Project object */;
			proxyType = 1;
			remoteGlobalIDString = C30298A9295057DC0095428E;
			remoteInfo = SodiamCounter;
		};
		C30298C5295057DF0095428E /* PBXContainerItemProxy */ = {
			isa = PBXContainerItemProxy;
			containerPortal = C30298A2295057DC0095428E /* Project object */;
			proxyType = 1;
			remoteGlobalIDString = C30298A9295057DC0095428E;
			remoteInfo = SodiamCounter;
		};
/* End PBXContainerItemProxy section */

/* Begin PBXFileReference section */
		C30298AA295057DC0095428E /* SodiamCounter.app */ = {isa = PBXFileReference; explicitFileType = wrapper.application; includeInIndex = 0; path = SodiamCounter.app; sourceTree = BUILT_PRODUCTS_DIR; };
		C30298AD295057DC0095428E /* SodiamCounterApp.swift */ = {isa = PBXFileReference; lastKnownFileType = sourcecode.swift; path = SodiamCounterApp.swift; sourceTree = "<group>"; };
		C30298AF295057DC0095428E /* ContentView.swift */ = {isa = PBXFileReference; lastKnownFileType = sourcecode.swift; path = ContentView.swift; sourceTree = "<group>"; };
		C30298B1295057DE0095428E /* Assets.xcassets */ = {isa = PBXFileReference; lastKnownFileType = folder.assetcatalog; path = Assets.xcassets; sourceTree = "<group>"; };
		C30298B4295057DE0095428E /* Preview Assets.xcassets */ = {isa = PBXFileReference; lastKnownFileType = folder.assetcatalog; path = "Preview Assets.xcassets"; sourceTree = "<group>"; };
		C30298BA295057DF0095428E /* SodiamCounterTests.xctest */ = {isa = PBXFileReference; explicitFileType = wrapper.cfbundle; includeInIndex = 0; path = SodiamCounterTests.xctest; sourceTree = BUILT_PRODUCTS_DIR; };
		C30298BE295057DF0095428E /* SodiamCounterTests.swift */ = {isa = PBXFileReference; lastKnownFileType = sourcecode.swift; path = SodiamCounterTests.swift; sourceTree = "<group>"; };
		C30298C4295057DF0095428E /* SodiamCounterUITests.xctest */ = {isa = PBXFileReference; explicitFileType = wrapper.cfbundle; includeInIndex = 0; path = SodiamCounterUITests.xctest; sourceTree = BUILT_PRODUCTS_DIR; };
		C30298C8295057DF0095428E /* SodiamCounterUITests.swift */ = {isa = PBXFileReference; lastKnownFileType = sourcecode.swift; path = SodiamCounterUITests.swift; sourceTree = "<group>"; };
		C30298CA295057DF0095428E /* SodiamCounterUITestsLaunchTests.swift */ = {isa = PBXFileReference; lastKnownFileType = sourcecode.swift; path = SodiamCounterUITestsLaunchTests.swift; sourceTree = "<group>"; };
		C30298D7295063420095428E /* ElapsedTimeFormatter.swift */ = {isa = PBXFileReference; lastKnownFileType = sourcecode.swift; path = ElapsedTimeFormatter.swift; sourceTree = "<group>"; };
/* End PBXFileReference section */

/* Begin PBXFrameworksBuildPhase section */
		C30298A7295057DC0095428E /* Frameworks */ = {
			isa = PBXFrameworksBuildPhase;
			buildActionMask = 2147483647;
			files = (
			);
			runOnlyForDeploymentPostprocessing = 0;
		};
		C30298B7295057DF0095428E /* Frameworks */ = {
			isa = PBXFrameworksBuildPhase;
			buildActionMask = 2147483647;
			files = (
			);
			runOnlyForDeploymentPostprocessing = 0;
		};
		C30298C1295057DF0095428E /* Frameworks */ = {
			isa = PBXFrameworksBuildPhase;
			buildActionMask = 2147483647;
			files = (
			);
			runOnlyForDeploymentPostprocessing = 0;
		};
/* End PBXFrameworksBuildPhase section */

/* Begin PBXGroup section */
		C30298A1295057DC0095428E = {
			isa = PBXGroup;
			children = (
				C30298AC295057DC0095428E /* SodiamCounter */,
				C30298BD295057DF0095428E /* SodiamCounterTests */,
				C30298C7295057DF0095428E /* SodiamCounterUITests */,
				C30298AB295057DC0095428E /* Products */,
			);
			sourceTree = "<group>";
		};
		C30298AB295057DC0095428E /* Products */ = {
			isa = PBXGroup;
			children = (
				C30298AA295057DC0095428E /* SodiamCounter.app */,
				C30298BA295057DF0095428E /* SodiamCounterTests.xctest */,
				C30298C4295057DF0095428E /* SodiamCounterUITests.xctest */,
			);
			name = Products;
			sourceTree = "<group>";
		};
		C30298AC295057DC0095428E /* SodiamCounter */ = {
			isa = PBXGroup;
			children = (
				C30298AD295057DC0095428E /* SodiamCounterApp.swift */,
				C30298AF295057DC0095428E /* ContentView.swift */,
				C30298B1295057DE0095428E /* Assets.xcassets */,
				C30298B3295057DE0095428E /* Preview Content */,
				C30298D7295063420095428E /* ElapsedTimeFormatter.swift */,
			);
			path = SodiamCounter;
			sourceTree = "<group>";
		};
		C30298B3295057DE0095428E /* Preview Content */ = {
			isa = PBXGroup;
			children = (
				C30298B4295057DE0095428E /* Preview Assets.xcassets */,
			);
			path = "Preview Content";
			sourceTree = "<group>";
		};
		C30298BD295057DF0095428E /* SodiamCounterTests */ = {
			isa = PBXGroup;
			children = (
				C30298BE295057DF0095428E /* SodiamCounterTests.swift */,
			);
			path = SodiamCounterTests;
			sourceTree = "<group>";
		};
		C30298C7295057DF0095428E /* SodiamCounterUITests */ = {
			isa = PBXGroup;
			children = (
				C30298C8295057DF0095428E /* SodiamCounterUITests.swift */,
				C30298CA295057DF0095428E /* SodiamCounterUITestsLaunchTests.swift */,
			);
			path = SodiamCounterUITests;
			sourceTree = "<group>";
		};
/* End PBXGroup section */

/* Begin PBXNativeTarget section */
		C30298A9295057DC0095428E /* SodiamCounter */ = {
			isa = PBXNativeTarget;
			buildConfigurationList = C30298CE295057DF0095428E /* Build configuration list for PBXNativeTarget "SodiamCounter" */;
			buildPhases = (
				C30298A6295057DC0095428E /* Sources */,
				C30298A7295057DC0095428E /* Frameworks */,
				C30298A8295057DC0095428E /* Resources */,
			);
			buildRules = (
			);
			dependencies = (
			);
			name = SodiamCounter;
			productName = SodiamCounter;
			productReference = C30298AA295057DC0095428E /* SodiamCounter.app */;
			productType = "com.apple.product-type.application";
		};
		C30298B9295057DF0095428E /* SodiamCounterTests */ = {
			isa = PBXNativeTarget;
			buildConfigurationList = C30298D1295057DF0095428E /* Build configuration list for PBXNativeTarget "SodiamCounterTests" */;
			buildPhases = (
				C30298B6295057DF0095428E /* Sources */,
				C30298B7295057DF0095428E /* Frameworks */,
				C30298B8295057DF0095428E /* Resources */,
			);
			buildRules = (
			);
			dependencies = (
				C30298BC295057DF0095428E /* PBXTargetDependency */,
			);
			name = SodiamCounterTests;
			productName = SodiamCounterTests;
			productReference = C30298BA295057DF0095428E /* SodiamCounterTests.xctest */;
			productType = "com.apple.product-type.bundle.unit-test";
		};
		C30298C3295057DF0095428E /* SodiamCounterUITests */ = {
			isa = PBXNativeTarget;
			buildConfigurationList = C30298D4295057DF0095428E /* Build configuration list for PBXNativeTarget "SodiamCounterUITests" */;
			buildPhases = (
				C30298C0295057DF0095428E /* Sources */,
				C30298C1295057DF0095428E /* Frameworks */,
				C30298C2295057DF0095428E /* Resources */,
			);
			buildRules = (
			);
			dependencies = (
				C30298C6295057DF0095428E /* PBXTargetDependency */,
			);
			name = SodiamCounterUITests;
			productName = SodiamCounterUITests;
			productReference = C30298C4295057DF0095428E /* SodiamCounterUITests.xctest */;
			productType = "com.apple.product-type.bundle.ui-testing";
		};
/* End PBXNativeTarget section */

/* Begin PBXProject section */
		C30298A2295057DC0095428E /* Project object */ = {
			isa = PBXProject;
			attributes = {
				BuildIndependentTargetsInParallel = 1;
				LastSwiftUpdateCheck = 1410;
				LastUpgradeCheck = 1410;
				TargetAttributes = {
					C30298A9295057DC0095428E = {
						CreatedOnToolsVersion = 14.1;
					};
					C30298B9295057DF0095428E = {
						CreatedOnToolsVersion = 14.1;
						TestTargetID = C30298A9295057DC0095428E;
					};
					C30298C3295057DF0095428E = {
						CreatedOnToolsVersion = 14.1;
						TestTargetID = C30298A9295057DC0095428E;
					};
				};
			};
			buildConfigurationList = C30298A5295057DC0095428E /* Build configuration list for PBXProject "SodiamCounter" */;
			compatibilityVersion = "Xcode 14.0";
			developmentRegion = en;
			hasScannedForEncodings = 0;
			knownRegions = (
				en,
				Base,
			);
			mainGroup = C30298A1295057DC0095428E;
			productRefGroup = C30298AB295057DC0095428E /* Products */;
			projectDirPath = "";
			projectRoot = "";
			targets = (
				C30298A9295057DC0095428E /* SodiamCounter */,
				C30298B9295057DF0095428E /* SodiamCounterTests */,
				C30298C3295057DF0095428E /* SodiamCounterUITests */,
			);
		};
/* End PBXProject section */

/* Begin PBXResourcesBuildPhase section */
		C30298A8295057DC0095428E /* Resources */ = {
			isa = PBXResourcesBuildPhase;
			buildActionMask = 2147483647;
			files = (
				C30298B5295057DE0095428E /* Preview Assets.xcassets in Resources */,
				C30298B2295057DE0095428E /* Assets.xcassets in Resources */,
			);
			runOnlyForDeploymentPostprocessing = 0;
		};
		C30298B8295057DF0095428E /* Resources */ = {
			isa = PBXResourcesBuildPhase;
			buildActionMask = 2147483647;
			files = (
			);
			runOnlyForDeploymentPostprocessing = 0;
		};
		C30298C2295057DF0095428E /* Resources */ = {
			isa = PBXResourcesBuildPhase;
			buildActionMask = 2147483647;
			files = (
			);
			runOnlyForDeploymentPostprocessing = 0;
		};
/* End PBXResourcesBuildPhase section */

/* Begin PBXSourcesBuildPhase section */
		C30298A6295057DC0095428E /* Sources */ = {
			isa = PBXSourcesBuildPhase;
			buildActionMask = 2147483647;
			files = (
				C30298B0295057DC0095428E /* ContentView.swift in Sources */,
				C30298D8295063420095428E /* ElapsedTimeFormatter.swift in Sources */,
				C30298AE295057DC0095428E /* SodiamCounterApp.swift in Sources */,
			);
			runOnlyForDeploymentPostprocessing = 0;
		};
		C30298B6295057DF0095428E /* Sources */ = {
			isa = PBXSourcesBuildPhase;
			buildActionMask = 2147483647;
			files = (
				C30298BF295057DF0095428E /* SodiamCounterTests.swift in Sources */,
			);
			runOnlyForDeploymentPostprocessing = 0;
		};
		C30298C0295057DF0095428E /* Sources */ = {
			isa = PBXSourcesBuildPhase;
			buildActionMask = 2147483647;
			files = (
				C30298CB295057DF0095428E /* SodiamCounterUITestsLaunchTests.swift in Sources */,
				C30298C9295057DF0095428E /* SodiamCounterUITests.swift in Sources */,
			);
			runOnlyForDeploymentPostprocessing = 0;
		};
/* End PBXSourcesBuildPhase section */

/* Begin PBXTargetDependency section */
		C30298BC295057DF0095428E /* PBXTargetDependency */ = {
			isa = PBXTargetDependency;
			target = C30298A9295057DC0095428E /* SodiamCounter */;
			targetProxy = C30298BB295057DF0095428E /* PBXContainerItemProxy */;
		};
		C30298C6295057DF0095428E /* PBXTargetDependency */ = {
			isa = PBXTargetDependency;
			target = C30298A9295057DC0095428E /* SodiamCounter */;
			targetProxy = C30298C5295057DF0095428E /* PBXContainerItemProxy */;
		};
/* End PBXTargetDependency section */

/* Begin XCBuildConfiguration section */
		C30298CC295057DF0095428E /* Debug */ = {
			isa = XCBuildConfiguration;
			buildSettings = {
				ALWAYS_SEARCH_USER_PATHS = NO;
				CLANG_ANALYZER_NONNULL = YES;
				CLANG_ANALYZER_NUMBER_OBJECT_CONVERSION = YES_AGGRESSIVE;
				CLANG_CXX_LANGUAGE_STANDARD = "gnu++20";
				CLANG_ENABLE_MODULES = YES;
				CLANG_ENABLE_OBJC_ARC = YES;
				CLANG_ENABLE_OBJC_WEAK = YES;
				CLANG_WARN_BLOCK_CAPTURE_AUTORELEASING = YES;
				CLANG_WARN_BOOL_CONVERSION = YES;
				CLANG_WARN_COMMA = YES;
				CLANG_WARN_CONSTANT_CONVERSION = YES;
				CLANG_WARN_DEPRECATED_OBJC_IMPLEMENTATIONS = YES;
				CLANG_WARN_DIRECT_OBJC_ISA_USAGE = YES_ERROR;
				CLANG_WARN_DOCUMENTATION_COMMENTS = YES;
				CLANG_WARN_EMPTY_BODY = YES;
				CLANG_WARN_ENUM_CONVERSION = YES;
				CLANG_WARN_INFINITE_RECURSION = YES;
				CLANG_WARN_INT_CONVERSION = YES;
				CLANG_WARN_NON_LITERAL_NULL_CONVERSION = YES;
				CLANG_WARN_OBJC_IMPLICIT_RETAIN_SELF = YES;
				CLANG_WARN_OBJC_LITERAL_CONVERSION = YES;
				CLANG_WARN_OBJC_ROOT_CLASS = YES_ERROR;
				CLANG_WARN_QUOTED_INCLUDE_IN_FRAMEWORK_HEADER = YES;
				CLANG_WARN_RANGE_LOOP_ANALYSIS = YES;
				CLANG_WARN_STRICT_PROTOTYPES = YES;
				CLANG_WARN_SUSPICIOUS_MOVE = YES;
				CLANG_WARN_UNGUARDED_AVAILABILITY = YES_AGGRESSIVE;
				CLANG_WARN_UNREACHABLE_CODE = YES;
				CLANG_WARN__DUPLICATE_METHOD_MATCH = YES;
				COPY_PHASE_STRIP = NO;
				DEBUG_INFORMATION_FORMAT = dwarf;
				ENABLE_STRICT_OBJC_MSGSEND = YES;
				ENABLE_TESTABILITY = YES;
				GCC_C_LANGUAGE_STANDARD = gnu11;
				GCC_DYNAMIC_NO_PIC = NO;
				GCC_NO_COMMON_BLOCKS = YES;
				GCC_OPTIMIZATION_LEVEL = 0;
				GCC_PREPROCESSOR_DEFINITIONS = (
					"DEBUG=1",
					"$(inherited)",
				);
				GCC_WARN_64_TO_32_BIT_CONVERSION = YES;
				GCC_WARN_ABOUT_RETURN_TYPE = YES_ERROR;
				GCC_WARN_UNDECLARED_SELECTOR = YES;
				GCC_WARN_UNINITIALIZED_AUTOS = YES_AGGRESSIVE;
				GCC_WARN_UNUSED_FUNCTION = YES;
				GCC_WARN_UNUSED_VARIABLE = YES;
				IPHONEOS_DEPLOYMENT_TARGET = 16.2;
				MTL_ENABLE_DEBUG_INFO = INCLUDE_SOURCE;
				MTL_FAST_MATH = YES;
				ONLY_ACTIVE_ARCH = YES;
				SDKROOT = iphoneos;
				SWIFT_ACTIVE_COMPILATION_CONDITIONS = DEBUG;
				SWIFT_OPTIMIZATION_LEVEL = "-Onone";
			};
			name = Debug;
		};
		C30298CD295057DF0095428E /* Release */ = {
			isa = XCBuildConfiguration;
			buildSettings = {
				ALWAYS_SEARCH_USER_PATHS = NO;
				CLANG_ANALYZER_NONNULL = YES;
				CLANG_ANALYZER_NUMBER_OBJECT_CONVERSION = YES_AGGRESSIVE;
				CLANG_CXX_LANGUAGE_STANDARD = "gnu++20";
				CLANG_ENABLE_MODULES = YES;
				CLANG_ENABLE_OBJC_ARC = YES;
				CLANG_ENABLE_OBJC_WEAK = YES;
				CLANG_WARN_BLOCK_CAPTURE_AUTORELEASING = YES;
				CLANG_WARN_BOOL_CONVERSION = YES;
				CLANG_WARN_COMMA = YES;
				CLANG_WARN_CONSTANT_CONVERSION = YES;
				CLANG_WARN_DEPRECATED_OBJC_IMPLEMENTATIONS = YES;
				CLANG_WARN_DIRECT_OBJC_ISA_USAGE = YES_ERROR;
				CLANG_WARN_DOCUMENTATION_COMMENTS = YES;
				CLANG_WARN_EMPTY_BODY = YES;
				CLANG_WARN_ENUM_CONVERSION = YES;
				CLANG_WARN_INFINITE_RECURSION = YES;
				CLANG_WARN_INT_CONVERSION = YES;
				CLANG_WARN_NON_LITERAL_NULL_CONVERSION = YES;
				CLANG_WARN_OBJC_IMPLICIT_RETAIN_SELF = YES;
				CLANG_WARN_OBJC_LITERAL_CONVERSION = YES;
				CLANG_WARN_OBJC_ROOT_CLASS = YES_ERROR;
				CLANG_WARN_QUOTED_INCLUDE_IN_FRAMEWORK_HEADER = YES;
				CLANG_WARN_RANGE_LOOP_ANALYSIS = YES;
				CLANG_WARN_STRICT_PROTOTYPES = YES;
				CLANG_WARN_SUSPICIOUS_MOVE = YES;
				CLANG_WARN_UNGUARDED_AVAILABILITY = YES_AGGRESSIVE;
				CLANG_WARN_UNREACHABLE_CODE = YES;
				CLANG_WARN__DUPLICATE_METHOD_MATCH = YES;
				COPY_PHASE_STRIP = NO;
				DEBUG_INFORMATION_FORMAT = "dwarf-with-dsym";
				ENABLE_NS_ASSERTIONS = NO;
				ENABLE_STRICT_OBJC_MSGSEND = YES;
				GCC_C_LANGUAGE_STANDARD = gnu11;
				GCC_NO_COMMON_BLOCKS = YES;
				GCC_WARN_64_TO_32_BIT_CONVERSION = YES;
				GCC_WARN_ABOUT_RETURN_TYPE = YES_ERROR;
				GCC_WARN_UNDECLARED_SELECTOR = YES;
				GCC_WARN_UNINITIALIZED_AUTOS = YES_AGGRESSIVE;
				GCC_WARN_UNUSED_FUNCTION = YES;
				GCC_WARN_UNUSED_VARIABLE = YES;
				IPHONEOS_DEPLOYMENT_TARGET = 16.2;
				MTL_ENABLE_DEBUG_INFO = NO;
				MTL_FAST_MATH = YES;
				SDKROOT = iphoneos;
				SWIFT_COMPILATION_MODE = wholemodule;
				SWIFT_OPTIMIZATION_LEVEL = "-O";
				VALIDATE_PRODUCT = YES;
			};
			name = Release;
		};
		C30298CF295057DF0095428E /* Debug */ = {
			isa = XCBuildConfiguration;
			buildSettings = {
				ASSETCATALOG_COMPILER_APPICON_NAME = AppIcon;
				ASSETCATALOG_COMPILER_GLOBAL_ACCENT_COLOR_NAME = AccentColor;
				CODE_SIGN_STYLE = Automatic;
				CURRENT_PROJECT_VERSION = 1;
				DEVELOPMENT_ASSET_PATHS = "\"SodiamCounter/Preview Content\"";
				DEVELOPMENT_TEAM = 8D2RD3847B;
				ENABLE_PREVIEWS = YES;
				GENERATE_INFOPLIST_FILE = YES;
				INFOPLIST_FILE = SodiamCounter/Info.plist;
				INFOPLIST_KEY_LSSupportsOpeningDocumentsInPlace = YES;
				INFOPLIST_KEY_UIApplicationSceneManifest_Generation = YES;
				INFOPLIST_KEY_UIApplicationSupportsIndirectInputEvents = YES;
				INFOPLIST_KEY_UILaunchScreen_Generation = YES;
				INFOPLIST_KEY_UIStatusBarStyle = "";
				INFOPLIST_KEY_UISupportedInterfaceOrientations_iPad = "UIInterfaceOrientationPortrait UIInterfaceOrientationPortraitUpsideDown UIInterfaceOrientationLandscapeLeft UIInterfaceOrientationLandscapeRight";
				INFOPLIST_KEY_UISupportedInterfaceOrientations_iPhone = "UIInterfaceOrientationPortrait UIInterfaceOrientationLandscapeLeft UIInterfaceOrientationLandscapeRight";
				LD_RUNPATH_SEARCH_PATHS = (
					"$(inherited)",
					"@executable_path/Frameworks",
				);
				MARKETING_VERSION = 1.0;
				PRODUCT_BUNDLE_IDENTIFIER = sodiam.SodiamCounter;
				PRODUCT_NAME = "$(TARGET_NAME)";
				SWIFT_EMIT_LOC_STRINGS = YES;
				SWIFT_VERSION = 5.0;
				TARGETED_DEVICE_FAMILY = "1,2";
			};
			name = Debug;
		};
		C30298D0295057DF0095428E /* Release */ = {
			isa = XCBuildConfiguration;
			buildSettings = {
				ASSETCATALOG_COMPILER_APPICON_NAME = AppIcon;
				ASSETCATALOG_COMPILER_GLOBAL_ACCENT_COLOR_NAME = AccentColor;
				CODE_SIGN_STYLE = Automatic;
				CURRENT_PROJECT_VERSION = 1;
				DEVELOPMENT_ASSET_PATHS = "\"SodiamCounter/Preview Content\"";
				DEVELOPMENT_TEAM = 8D2RD3847B;
				ENABLE_PREVIEWS = YES;
				GENERATE_INFOPLIST_FILE = YES;
				INFOPLIST_FILE = SodiamCounter/Info.plist;
				INFOPLIST_KEY_LSSupportsOpeningDocumentsInPlace = YES;
				INFOPLIST_KEY_UIApplicationSceneManifest_Generation = YES;
				INFOPLIST_KEY_UIApplicationSupportsIndirectInputEvents = YES;
				INFOPLIST_KEY_UILaunchScreen_Generation = YES;
				INFOPLIST_KEY_UIStatusBarStyle = "";
				INFOPLIST_KEY_UISupportedInterfaceOrientations_iPad = "UIInterfaceOrientationPortrait UIInterfaceOrientationPortraitUpsideDown UIInterfaceOrientationLandscapeLeft UIInterfaceOrientationLandscapeRight";
				INFOPLIST_KEY_UISupportedInterfaceOrientations_iPhone = "UIInterfaceOrientationPortrait UIInterfaceOrientationLandscapeLeft UIInterfaceOrientationLandscapeRight";
				LD_RUNPATH_SEARCH_PATHS = (
					"$(inherited)",
					"@executable_path/Frameworks",
				);
				MARKETING_VERSION = 1.0;
				PRODUCT_BUNDLE_IDENTIFIER = sodiam.SodiamCounter;
				PRODUCT_NAME = "$(TARGET_NAME)";
				SWIFT_EMIT_LOC_STRINGS = YES;
				SWIFT_VERSION = 5.0;
				TARGETED_DEVICE_FAMILY = "1,2";
			};
			name = Release;
		};
		C30298D2295057DF0095428E /* Debug */ = {
			isa = XCBuildConfiguration;
			buildSettings = {
				ALWAYS_EMBED_SWIFT_STANDARD_LIBRARIES = YES;
				BUNDLE_LOADER = "$(TEST_HOST)";
				CODE_SIGN_STYLE = Automatic;
				CURRENT_PROJECT_VERSION = 1;
				DEVELOPMENT_TEAM = 8D2RD3847B;
				GENERATE_INFOPLIST_FILE = YES;
				IPHONEOS_DEPLOYMENT_TARGET = 16.1;
				MARKETING_VERSION = 1.0;
				PRODUCT_BUNDLE_IDENTIFIER = sodiam.SodiamCounterTests;
				PRODUCT_NAME = "$(TARGET_NAME)";
				SWIFT_EMIT_LOC_STRINGS = NO;
				SWIFT_VERSION = 5.0;
				TARGETED_DEVICE_FAMILY = "1,2";
				TEST_HOST = "$(BUILT_PRODUCTS_DIR)/SodiamCounter.app/$(BUNDLE_EXECUTABLE_FOLDER_PATH)/SodiamCounter";
			};
			name = Debug;
		};
		C30298D3295057DF0095428E /* Release */ = {
			isa = XCBuildConfiguration;
			buildSettings = {
				ALWAYS_EMBED_SWIFT_STANDARD_LIBRARIES = YES;
				BUNDLE_LOADER = "$(TEST_HOST)";
				CODE_SIGN_STYLE = Automatic;
				CURRENT_PROJECT_VERSION = 1;
				DEVELOPMENT_TEAM = 8D2RD3847B;
				GENERATE_INFOPLIST_FILE = YES;
				IPHONEOS_DEPLOYMENT_TARGET = 16.1;
				MARKETING_VERSION = 1.0;
				PRODUCT_BUNDLE_IDENTIFIER = sodiam.SodiamCounterTests;
				PRODUCT_NAME = "$(TARGET_NAME)";
				SWIFT_EMIT_LOC_STRINGS = NO;
				SWIFT_VERSION = 5.0;
				TARGETED_DEVICE_FAMILY = "1,2";
				TEST_HOST = "$(BUILT_PRODUCTS_DIR)/SodiamCounter.app/$(BUNDLE_EXECUTABLE_FOLDER_PATH)/SodiamCounter";
			};
			name = Release;
		};
		C30298D5295057DF0095428E /* Debug */ = {
			isa = XCBuildConfiguration;
			buildSettings = {
				ALWAYS_EMBED_SWIFT_STANDARD_LIBRARIES = YES;
				CODE_SIGN_STYLE = Automatic;
				CURRENT_PROJECT_VERSION = 1;
				DEVELOPMENT_TEAM = 8D2RD3847B;
				GENERATE_INFOPLIST_FILE = YES;
				MARKETING_VERSION = 1.0;
				PRODUCT_BUNDLE_IDENTIFIER = sodiam.SodiamCounterUITests;
				PRODUCT_NAME = "$(TARGET_NAME)";
				SWIFT_EMIT_LOC_STRINGS = NO;
				SWIFT_VERSION = 5.0;
				TARGETED_DEVICE_FAMILY = "1,2";
				TEST_TARGET_NAME = SodiamCounter;
			};
			name = Debug;
		};
		C30298D6295057DF0095428E /* Release */ = {
			isa = XCBuildConfiguration;
			buildSettings = {
				ALWAYS_EMBED_SWIFT_STANDARD_LIBRARIES = YES;
				CODE_SIGN_STYLE = Automatic;
				CURRENT_PROJECT_VERSION = 1;
				DEVELOPMENT_TEAM = 8D2RD3847B;
				GENERATE_INFOPLIST_FILE = YES;
				MARKETING_VERSION = 1.0;
				PRODUCT_BUNDLE_IDENTIFIER = sodiam.SodiamCounterUITests;
				PRODUCT_NAME = "$(TARGET_NAME)";
				SWIFT_EMIT_LOC_STRINGS = NO;
				SWIFT_VERSION = 5.0;
				TARGETED_DEVICE_FAMILY = "1,2";
				TEST_TARGET_NAME = SodiamCounter;
			};
			name = Release;
		};
/* End XCBuildConfiguration section */

/* Begin XCConfigurationList section */
		C30298A5295057DC0095428E /* Build configuration list for PBXProject "SodiamCounter" */ = {
			isa = XCConfigurationList;
			buildConfigurations = (
				C30298CC295057DF0095428E /* Debug */,
				C30298CD295057DF0095428E /* Release */,
			);
			defaultConfigurationIsVisible = 0;
			defaultConfigurationName = Release;
		};
		C30298CE295057DF0095428E /* Build configuration list for PBXNativeTarget "SodiamCounter" */ = {
			isa = XCConfigurationList;
			buildConfigurations = (
				C30298CF295057DF0095428E /* Debug */,
				C30298D0295057DF0095428E /* Release */,
			);
			defaultConfigurationIsVisible = 0;
			defaultConfigurationName = Release;
		};
		C30298D1295057DF0095428E /* Build configuration list for PBXNativeTarget "SodiamCounterTests" */ = {
			isa = XCConfigurationList;
			buildConfigurations = (
				C30298D2295057DF0095428E /* Debug */,
				C30298D3295057DF0095428E /* Release */,
			);
			defaultConfigurationIsVisible = 0;
			defaultConfigurationName = Release;
		};
		C30298D4295057DF0095428E /* Build configuration list for PBXNativeTarget "SodiamCounterUITests" */ = {
			isa = XCConfigurationList;
			buildConfigurations = (
				C30298D5295057DF0095428E /* Debug */,
				C30298D6295057DF0095428E /* Release */,
			);
			defaultConfigurationIsVisible = 0;
			defaultConfigurationName = Release;
		};
/* End XCConfigurationList section */
	};
	rootObject = C30298A2295057DC0095428E /* Project object */;
}
